
Microsoft Visual Studio Solution File, Format Version 12.00
# Visual Studio 15
VisualStudioVersion = 15.0.27130.2026
MinimumVisualStudioVersion = 10.0.40219.1
Project("{9A19103F-16F7-4668-BE54-9A1E7A4F7556}") = "DataProcessing.CSV.Tests", "DataProcessing.CSV.Tests\DataProcessing.CSV.Tests.csproj", "{77826B8E-2A3A-4C98-9B90-CD054F4E2A91}"
EndProject
Project("{9A19103F-16F7-4668-BE54-9A1E7A4F7556}") = "DataProcessing.CSV", "DataProcessing.CSV\DataProcessing.CSV.csproj", "{7B662D66-7035-4E4F-87B6-64F9380A93B2}"
EndProject
Global
	GlobalSection(SolutionConfigurationPlatforms) = preSolution
		Debug|Any CPU = Debug|Any CPU
		Release|Any CPU = Release|Any CPU
	EndGlobalSection
	GlobalSection(ProjectConfigurationPlatforms) = postSolution
		{77826B8E-2A3A-4C98-9B90-CD054F4E2A91}.Debug|Any CPU.ActiveCfg = Debug|Any CPU
		{77826B8E-2A3A-4C98-9B90-CD054F4E2A91}.Debug|Any CPU.Build.0 = Debug|Any CPU
		{77826B8E-2A3A-4C98-9B90-CD054F4E2A91}.Release|Any CPU.ActiveCfg = Release|Any CPU
		{77826B8E-2A3A-4C98-9B90-CD054F4E2A91}.Release|Any CPU.Build.0 = Release|Any CPU
		{7B662D66-7035-4E4F-87B6-64F9380A93B2}.Debug|Any CPU.ActiveCfg = Debug|Any CPU
		{7B662D66-7035-4E4F-87B6-64F9380A93B2}.Debug|Any CPU.Build.0 = Debug|Any CPU
		{7B662D66-7035-4E4F-87B6-64F9380A93B2}.Release|Any CPU.ActiveCfg = Release|Any CPU
		{7B662D66-7035-4E4F-87B6-64F9380A93B2}.Release|Any CPU.Build.0 = Release|Any CPU
	EndGlobalSection
	GlobalSection(SolutionProperties) = preSolution
		HideSolutionNode = FALSE
	EndGlobalSection
	GlobalSection(ExtensibilityGlobals) = postSolution
		SolutionGuid = {BF08ED47-4EB1-4156-BF42-98463B834EB9}
	EndGlobalSection
EndGlobal
